
Microsoft Visual Studio Solution File, Format Version 12.00
# Visual Studio Version 16
VisualStudioVersion = 16.0.31424.327
MinimumVisualStudioVersion = 10.0.40219.1
Project("{FAE04EC0-301F-11D3-BF4B-00C04F79EFBC}") = "SmartBusiness", "SmartBusiness\SmartBusiness.csproj", "{AB7EF0EF-086D-4590-B185-E7C200B97FD1}"
EndProject
Global
	GlobalSection(SolutionConfigurationPlatforms) = preSolution
		Debug|Any CPU = Debug|Any CPU
		Release|Any CPU = Release|Any CPU
	EndGlobalSection
	GlobalSection(ProjectConfigurationPlatforms) = postSolution
		{AB7EF0EF-086D-4590-B185-E7C200B97FD1}.Debug|Any CPU.ActiveCfg = Debug|Any CPU
		{AB7EF0EF-086D-4590-B185-E7C200B97FD1}.Debug|Any CPU.Build.0 = Debug|Any CPU
		{AB7EF0EF-086D-4590-B185-E7C200B97FD1}.Release|Any CPU.ActiveCfg = Release|Any CPU
		{AB7EF0EF-086D-4590-B185-E7C200B97FD1}.Release|Any CPU.Build.0 = Release|Any CPU
	EndGlobalSection
	GlobalSection(SolutionProperties) = preSolution
		HideSolutionNode = FALSE
	EndGlobalSection
	GlobalSection(ExtensibilityGlobals) = postSolution
		SolutionGuid = {CE43BFA5-A576-46B4-9D52-F17E050A3ECE}
	EndGlobalSection
EndGlobal
